
Microsoft Visual Studio Solution File, Format Version 12.00
# Visual Studio Version 16
VisualStudioVersion = 16.0.30413.136
MinimumVisualStudioVersion = 10.0.40219.1
Project("{8BC9CEB8-8B4A-11D0-8D11-00A0C91BC942}") = "cpp_scopy", "cpp_scopy\cpp_scopy.vcxproj", "{CC244EAE-A8DD-42E7-958E-566710DB4974}"
EndProject
Global
	GlobalSection(SolutionConfigurationPlatforms) = preSolution
		Debug|x64 = Debug|x64
		Debug|x86 = Debug|x86
		Release|x64 = Release|x64
		Release|x86 = Release|x86
	EndGlobalSection
	GlobalSection(ProjectConfigurationPlatforms) = postSolution
		{CC244EAE-A8DD-42E7-958E-566710DB4974}.Debug|x64.ActiveCfg = Debug|x64
		{CC244EAE-A8DD-42E7-958E-566710DB4974}.Debug|x64.Build.0 = Debug|x64
		{CC244EAE-A8DD-42E7-958E-566710DB4974}.Debug|x86.ActiveCfg = Debug|Win32
		{CC244EAE-A8DD-42E7-958E-566710DB4974}.Debug|x86.Build.0 = Debug|Win32
		{CC244EAE-A8DD-42E7-958E-566710DB4974}.Release|x64.ActiveCfg = Release|x64
		{CC244EAE-A8DD-42E7-958E-566710DB4974}.Release|x64.Build.0 = Release|x64
		{CC244EAE-A8DD-42E7-958E-566710DB4974}.Release|x86.ActiveCfg = Release|Win32
		{CC244EAE-A8DD-42E7-958E-566710DB4974}.Release|x86.Build.0 = Release|Win32
	EndGlobalSection
	GlobalSection(SolutionProperties) = preSolution
		HideSolutionNode = FALSE
	EndGlobalSection
	GlobalSection(ExtensibilityGlobals) = postSolution
		SolutionGuid = {084DC615-A2B7-4D58-AFDB-20CDD2EC5739}
	EndGlobalSection
EndGlobal
